// !$*UTF8*$!
{
	archiveVersion = 1;
	classes = {
	};
	objectVersion = 51;
	objects = {

/* Begin PBXBuildFile section */
		03C1D249266E315E00459AE6 /* APIClient.swift in Sources */ = {isa = PBXBuildFile; fileRef = 03C1D248266E315E00459AE6 /* APIClient.swift */; };
		03C1D252266E3BF500459AE6 /* WatchListView.swift in Sources */ = {isa = PBXBuildFile; fileRef = 03C1D251266E3BF500459AE6 /* WatchListView.swift */; };
		03C1D25A266E3C3C00459AE6 /* WatchListPresenter.swift in Sources */ = {isa = PBXBuildFile; fileRef = 03C1D259266E3C3C00459AE6 /* WatchListPresenter.swift */; };
		03C1D25F266E3C4C00459AE6 /* WatchListInteractor.swift in Sources */ = {isa = PBXBuildFile; fileRef = 03C1D25E266E3C4C00459AE6 /* WatchListInteractor.swift */; };
		03C1D268266E7DA200459AE6 /* WatchListModel.swift in Sources */ = {isa = PBXBuildFile; fileRef = 03C1D267266E7DA200459AE6 /* WatchListModel.swift */; };
		03C1D271266F12CC00459AE6 /* WatchListCell.swift in Sources */ = {isa = PBXBuildFile; fileRef = 03C1D270266F12CC00459AE6 /* WatchListCell.swift */; };
		03C1D293266F2A0E00459AE6 /* Crypto.swift in Sources */ = {isa = PBXBuildFile; fileRef = 03C1D292266F2A0E00459AE6 /* Crypto.swift */; };
		03C1D2A826708D2500459AE6 /* EndEditing.swift in Sources */ = {isa = PBXBuildFile; fileRef = 03C1D2A726708D2500459AE6 /* EndEditing.swift */; };
		03C40079266C97520098D369 /* AppDelegate.swift in Sources */ = {isa = PBXBuildFile; fileRef = 03C40078266C97520098D369 /* AppDelegate.swift */; };
		03C4007B266C97520098D369 /* SceneDelegate.swift in Sources */ = {isa = PBXBuildFile; fileRef = 03C4007A266C97520098D369 /* SceneDelegate.swift */; };
		03C4007D266C97520098D369 /* ContentView.swift in Sources */ = {isa = PBXBuildFile; fileRef = 03C4007C266C97520098D369 /* ContentView.swift */; };
		03C4007F266C97550098D369 /* Assets.xcassets in Resources */ = {isa = PBXBuildFile; fileRef = 03C4007E266C97550098D369 /* Assets.xcassets */; };
		03C40082266C97550098D369 /* Preview Assets.xcassets in Resources */ = {isa = PBXBuildFile; fileRef = 03C40081266C97550098D369 /* Preview Assets.xcassets */; };
		03C40085266C97550098D369 /* LaunchScreen.storyboard in Resources */ = {isa = PBXBuildFile; fileRef = 03C40083266C97550098D369 /* LaunchScreen.storyboard */; };
		03C40090266C97560098D369 /* CoinHako_AssignmentTests.swift in Sources */ = {isa = PBXBuildFile; fileRef = 03C4008F266C97560098D369 /* CoinHako_AssignmentTests.swift */; };
		03C4009B266C97560098D369 /* CoinHako_AssignmentUITests.swift in Sources */ = {isa = PBXBuildFile; fileRef = 03C4009A266C97560098D369 /* CoinHako_AssignmentUITests.swift */; };
		CE9109D6D71FA9DB1E36CE5E /* Pods_CoinHako_Assignment.framework in Frameworks */ = {isa = PBXBuildFile; fileRef = 4B867761A64EEFF4A9EFE3A7 /* Pods_CoinHako_Assignment.framework */; };
		D3F856C6B25A7C69270AF340 /* Pods_CoinHako_Assignment_CoinHako_AssignmentUITests.framework in Frameworks */ = {isa = PBXBuildFile; fileRef = 080D31227C918695284DFFFB /* Pods_CoinHako_Assignment_CoinHako_AssignmentUITests.framework */; };
		DF86F0F1F3D0311F17C66FB4 /* Pods_CoinHako_AssignmentTests.framework in Frameworks */ = {isa = PBXBuildFile; fileRef = 9E2174E5BF137002B4B9EA1B /* Pods_CoinHako_AssignmentTests.framework */; };
/* End PBXBuildFile section */

/* Begin PBXContainerItemProxy section */
		03C4008C266C97560098D369 /* PBXContainerItemProxy */ = {
			isa = PBXContainerItemProxy;
			containerPortal = 03C4006D266C97520098D369 /* Project object */;
			proxyType = 1;
			remoteGlobalIDString = 03C40074266C97520098D369;
			remoteInfo = CoinHako_Assignment;
		};
		03C40097266C97560098D369 /* PBXContainerItemProxy */ = {
			isa = PBXContainerItemProxy;
			containerPortal = 03C4006D266C97520098D369 /* Project object */;
			proxyType = 1;
			remoteGlobalIDString = 03C40074266C97520098D369;
			remoteInfo = CoinHako_Assignment;
		};
/* End PBXContainerItemProxy section */

/* Begin PBXFileReference section */
		03C1D248266E315E00459AE6 /* APIClient.swift */ = {isa = PBXFileReference; lastKnownFileType = sourcecode.swift; path = APIClient.swift; sourceTree = "<group>"; };
		03C1D251266E3BF500459AE6 /* WatchListView.swift */ = {isa = PBXFileReference; lastKnownFileType = sourcecode.swift; path = WatchListView.swift; sourceTree = "<group>"; };
		03C1D259266E3C3C00459AE6 /* WatchListPresenter.swift */ = {isa = PBXFileReference; lastKnownFileType = sourcecode.swift; path = WatchListPresenter.swift; sourceTree = "<group>"; };
		03C1D25E266E3C4C00459AE6 /* WatchListInteractor.swift */ = {isa = PBXFileReference; lastKnownFileType = sourcecode.swift; path = WatchListInteractor.swift; sourceTree = "<group>"; };
		03C1D267266E7DA200459AE6 /* WatchListModel.swift */ = {isa = PBXFileReference; lastKnownFileType = sourcecode.swift; path = WatchListModel.swift; sourceTree = "<group>"; };
		03C1D270266F12CC00459AE6 /* WatchListCell.swift */ = {isa = PBXFileReference; lastKnownFileType = sourcecode.swift; path = WatchListCell.swift; sourceTree = "<group>"; };
		03C1D292266F2A0E00459AE6 /* Crypto.swift */ = {isa = PBXFileReference; fileEncoding = 4; lastKnownFileType = sourcecode.swift; path = Crypto.swift; sourceTree = "<group>"; };
		03C1D2A726708D2500459AE6 /* EndEditing.swift */ = {isa = PBXFileReference; lastKnownFileType = sourcecode.swift; path = EndEditing.swift; sourceTree = "<group>"; };
		03C40075266C97520098D369 /* CoinHako_Assignment.app */ = {isa = PBXFileReference; explicitFileType = wrapper.application; includeInIndex = 0; path = CoinHako_Assignment.app; sourceTree = BUILT_PRODUCTS_DIR; };
		03C40078266C97520098D369 /* AppDelegate.swift */ = {isa = PBXFileReference; lastKnownFileType = sourcecode.swift; path = AppDelegate.swift; sourceTree = "<group>"; };
		03C4007A266C97520098D369 /* SceneDelegate.swift */ = {isa = PBXFileReference; lastKnownFileType = sourcecode.swift; path = SceneDelegate.swift; sourceTree = "<group>"; };
		03C4007C266C97520098D369 /* ContentView.swift */ = {isa = PBXFileReference; lastKnownFileType = sourcecode.swift; path = ContentView.swift; sourceTree = "<group>"; };
		03C4007E266C97550098D369 /* Assets.xcassets */ = {isa = PBXFileReference; lastKnownFileType = folder.assetcatalog; path = Assets.xcassets; sourceTree = "<group>"; };
		03C40081266C97550098D369 /* Preview Assets.xcassets */ = {isa = PBXFileReference; lastKnownFileType = folder.assetcatalog; path = "Preview Assets.xcassets"; sourceTree = "<group>"; };
		03C40084266C97550098D369 /* Base */ = {isa = PBXFileReference; lastKnownFileType = file.storyboard; name = Base; path = Base.lproj/LaunchScreen.storyboard; sourceTree = "<group>"; };
		03C40086266C97550098D369 /* Info.plist */ = {isa = PBXFileReference; lastKnownFileType = text.plist.xml; path = Info.plist; sourceTree = "<group>"; };
		03C4008B266C97560098D369 /* CoinHako_AssignmentTests.xctest */ = {isa = PBXFileReference; explicitFileType = wrapper.cfbundle; includeInIndex = 0; path = CoinHako_AssignmentTests.xctest; sourceTree = BUILT_PRODUCTS_DIR; };
		03C4008F266C97560098D369 /* CoinHako_AssignmentTests.swift */ = {isa = PBXFileReference; lastKnownFileType = sourcecode.swift; path = CoinHako_AssignmentTests.swift; sourceTree = "<group>"; };
		03C40091266C97560098D369 /* Info.plist */ = {isa = PBXFileReference; lastKnownFileType = text.plist.xml; path = Info.plist; sourceTree = "<group>"; };
		03C40096266C97560098D369 /* CoinHako_AssignmentUITests.xctest */ = {isa = PBXFileReference; explicitFileType = wrapper.cfbundle; includeInIndex = 0; path = CoinHako_AssignmentUITests.xctest; sourceTree = BUILT_PRODUCTS_DIR; };
		03C4009A266C97560098D369 /* CoinHako_AssignmentUITests.swift */ = {isa = PBXFileReference; lastKnownFileType = sourcecode.swift; path = CoinHako_AssignmentUITests.swift; sourceTree = "<group>"; };
		03C4009C266C97560098D369 /* Info.plist */ = {isa = PBXFileReference; lastKnownFileType = text.plist.xml; path = Info.plist; sourceTree = "<group>"; };
		080D31227C918695284DFFFB /* Pods_CoinHako_Assignment_CoinHako_AssignmentUITests.framework */ = {isa = PBXFileReference; explicitFileType = wrapper.framework; includeInIndex = 0; path = Pods_CoinHako_Assignment_CoinHako_AssignmentUITests.framework; sourceTree = BUILT_PRODUCTS_DIR; };
		4B867761A64EEFF4A9EFE3A7 /* Pods_CoinHako_Assignment.framework */ = {isa = PBXFileReference; explicitFileType = wrapper.framework; includeInIndex = 0; path = Pods_CoinHako_Assignment.framework; sourceTree = BUILT_PRODUCTS_DIR; };
		61AEA039671BD56A4B278B65 /* Pods-CoinHako_Assignment-CoinHako_AssignmentUITests.debug.xcconfig */ = {isa = PBXFileReference; includeInIndex = 1; lastKnownFileType = text.xcconfig; name = "Pods-CoinHako_Assignment-CoinHako_AssignmentUITests.debug.xcconfig"; path = "Target Support Files/Pods-CoinHako_Assignment-CoinHako_AssignmentUITests/Pods-CoinHako_Assignment-CoinHako_AssignmentUITests.debug.xcconfig"; sourceTree = "<group>"; };
		9E2174E5BF137002B4B9EA1B /* Pods_CoinHako_AssignmentTests.framework */ = {isa = PBXFileReference; explicitFileType = wrapper.framework; includeInIndex = 0; path = Pods_CoinHako_AssignmentTests.framework; sourceTree = BUILT_PRODUCTS_DIR; };
		B36854AE0E3C1BBE4D8C0FE6 /* Pods-CoinHako_Assignment.release.xcconfig */ = {isa = PBXFileReference; includeInIndex = 1; lastKnownFileType = text.xcconfig; name = "Pods-CoinHako_Assignment.release.xcconfig"; path = "Target Support Files/Pods-CoinHako_Assignment/Pods-CoinHako_Assignment.release.xcconfig"; sourceTree = "<group>"; };
		BCE3D2E4DE08ECD4B0757459 /* Pods-CoinHako_AssignmentTests.release.xcconfig */ = {isa = PBXFileReference; includeInIndex = 1; lastKnownFileType = text.xcconfig; name = "Pods-CoinHako_AssignmentTests.release.xcconfig"; path = "Target Support Files/Pods-CoinHako_AssignmentTests/Pods-CoinHako_AssignmentTests.release.xcconfig"; sourceTree = "<group>"; };
		E607486666A3204A99489499 /* Pods-CoinHako_Assignment.debug.xcconfig */ = {isa = PBXFileReference; includeInIndex = 1; lastKnownFileType = text.xcconfig; name = "Pods-CoinHako_Assignment.debug.xcconfig"; path = "Target Support Files/Pods-CoinHako_Assignment/Pods-CoinHako_Assignment.debug.xcconfig"; sourceTree = "<group>"; };
		F05299D7D95BC92BDB2FB51C /* Pods-CoinHako_Assignment-CoinHako_AssignmentUITests.release.xcconfig */ = {isa = PBXFileReference; includeInIndex = 1; lastKnownFileType = text.xcconfig; name = "Pods-CoinHako_Assignment-CoinHako_AssignmentUITests.release.xcconfig"; path = "Target Support Files/Pods-CoinHako_Assignment-CoinHako_AssignmentUITests/Pods-CoinHako_Assignment-CoinHako_AssignmentUITests.release.xcconfig"; sourceTree = "<group>"; };
		FBCAC6D922C9AABF9D0F01EE /* Pods-CoinHako_AssignmentTests.debug.xcconfig */ = {isa = PBXFileReference; includeInIndex = 1; lastKnownFileType = text.xcconfig; name = "Pods-CoinHako_AssignmentTests.debug.xcconfig"; path = "Target Support Files/Pods-CoinHako_AssignmentTests/Pods-CoinHako_AssignmentTests.debug.xcconfig"; sourceTree = "<group>"; };
/* End PBXFileReference section */

/* Begin PBXFrameworksBuildPhase section */
		03C40072266C97520098D369 /* Frameworks */ = {
			isa = PBXFrameworksBuildPhase;
			buildActionMask = 2147483647;
			files = (
				CE9109D6D71FA9DB1E36CE5E /* Pods_CoinHako_Assignment.framework in Frameworks */,
			);
			runOnlyForDeploymentPostprocessing = 0;
		};
		03C40088266C97560098D369 /* Frameworks */ = {
			isa = PBXFrameworksBuildPhase;
			buildActionMask = 2147483647;
			files = (
				DF86F0F1F3D0311F17C66FB4 /* Pods_CoinHako_AssignmentTests.framework in Frameworks */,
			);
			runOnlyForDeploymentPostprocessing = 0;
		};
		03C40093266C97560098D369 /* Frameworks */ = {
			isa = PBXFrameworksBuildPhase;
			buildActionMask = 2147483647;
			files = (
				D3F856C6B25A7C69270AF340 /* Pods_CoinHako_Assignment_CoinHako_AssignmentUITests.framework in Frameworks */,
			);
			runOnlyForDeploymentPostprocessing = 0;
		};
/* End PBXFrameworksBuildPhase section */

/* Begin PBXGroup section */
		03C1D247266E315200459AE6 /* API */ = {
			isa = PBXGroup;
			children = (
				03C1D248266E315E00459AE6 /* APIClient.swift */,
			);
			path = API;
			sourceTree = "<group>";
		};
		03C1D250266E3BDD00459AE6 /* WatchList */ = {
			isa = PBXGroup;
			children = (
				03C1D251266E3BF500459AE6 /* WatchListView.swift */,
				03C1D259266E3C3C00459AE6 /* WatchListPresenter.swift */,
				03C1D25E266E3C4C00459AE6 /* WatchListInteractor.swift */,
			);
			path = WatchList;
			sourceTree = "<group>";
		};
		03C1D266266E7D9300459AE6 /* Entity */ = {
			isa = PBXGroup;
			children = (
				03C1D292266F2A0E00459AE6 /* Crypto.swift */,
				03C1D267266E7DA200459AE6 /* WatchListModel.swift */,
			);
			path = Entity;
			sourceTree = "<group>";
		};
		03C1D26F266F12B500459AE6 /* CustomView */ = {
			isa = PBXGroup;
			children = (
				03C1D270266F12CC00459AE6 /* WatchListCell.swift */,
			);
			path = CustomView;
			sourceTree = "<group>";
		};
		03C1D2A626708D0200459AE6 /* Util */ = {
			isa = PBXGroup;
			children = (
				03C1D2A726708D2500459AE6 /* EndEditing.swift */,
			);
			path = Util;
			sourceTree = "<group>";
		};
		03C4006C266C97520098D369 = {
			isa = PBXGroup;
			children = (
				03C40077266C97520098D369 /* CoinHako_Assignment */,
				03C4008E266C97560098D369 /* CoinHako_AssignmentTests */,
				03C40099266C97560098D369 /* CoinHako_AssignmentUITests */,
				03C40076266C97520098D369 /* Products */,
				497C388D046CBF46005881AE /* Pods */,
				6D47FBB8FEB0792AF328B7F0 /* Frameworks */,
			);
			sourceTree = "<group>";
		};
		03C40076266C97520098D369 /* Products */ = {
			isa = PBXGroup;
			children = (
				03C40075266C97520098D369 /* CoinHako_Assignment.app */,
				03C4008B266C97560098D369 /* CoinHako_AssignmentTests.xctest */,
				03C40096266C97560098D369 /* CoinHako_AssignmentUITests.xctest */,
			);
			name = Products;
			sourceTree = "<group>";
		};
		03C40077266C97520098D369 /* CoinHako_Assignment */ = {
			isa = PBXGroup;
			children = (
				03C1D2A626708D0200459AE6 /* Util */,
				03C1D26F266F12B500459AE6 /* CustomView */,
				03C1D266266E7D9300459AE6 /* Entity */,
				03C1D250266E3BDD00459AE6 /* WatchList */,
				03C1D247266E315200459AE6 /* API */,
				03C40078266C97520098D369 /* AppDelegate.swift */,
				03C4007A266C97520098D369 /* SceneDelegate.swift */,
				03C4007C266C97520098D369 /* ContentView.swift */,
				03C4007E266C97550098D369 /* Assets.xcassets */,
				03C40083266C97550098D369 /* LaunchScreen.storyboard */,
				03C40086266C97550098D369 /* Info.plist */,
				03C40080266C97550098D369 /* Preview Content */,
			);
			path = CoinHako_Assignment;
			sourceTree = "<group>";
		};
		03C40080266C97550098D369 /* Preview Content */ = {
			isa = PBXGroup;
			children = (
				03C40081266C97550098D369 /* Preview Assets.xcassets */,
			);
			path = "Preview Content";
			sourceTree = "<group>";
		};
		03C4008E266C97560098D369 /* CoinHako_AssignmentTests */ = {
			isa = PBXGroup;
			children = (
				03C4008F266C97560098D369 /* CoinHako_AssignmentTests.swift */,
				03C40091266C97560098D369 /* Info.plist */,
			);
			path = CoinHako_AssignmentTests;
			sourceTree = "<group>";
		};
		03C40099266C97560098D369 /* CoinHako_AssignmentUITests */ = {
			isa = PBXGroup;
			children = (
				03C4009A266C97560098D369 /* CoinHako_AssignmentUITests.swift */,
				03C4009C266C97560098D369 /* Info.plist */,
			);
			path = CoinHako_AssignmentUITests;
			sourceTree = "<group>";
		};
		497C388D046CBF46005881AE /* Pods */ = {
			isa = PBXGroup;
			children = (
				E607486666A3204A99489499 /* Pods-CoinHako_Assignment.debug.xcconfig */,
				B36854AE0E3C1BBE4D8C0FE6 /* Pods-CoinHako_Assignment.release.xcconfig */,
				61AEA039671BD56A4B278B65 /* Pods-CoinHako_Assignment-CoinHako_AssignmentUITests.debug.xcconfig */,
				F05299D7D95BC92BDB2FB51C /* Pods-CoinHako_Assignment-CoinHako_AssignmentUITests.release.xcconfig */,
				FBCAC6D922C9AABF9D0F01EE /* Pods-CoinHako_AssignmentTests.debug.xcconfig */,
				BCE3D2E4DE08ECD4B0757459 /* Pods-CoinHako_AssignmentTests.release.xcconfig */,
			);
			path = Pods;
			sourceTree = "<group>";
		};
		6D47FBB8FEB0792AF328B7F0 /* Frameworks */ = {
			isa = PBXGroup;
			children = (
				4B867761A64EEFF4A9EFE3A7 /* Pods_CoinHako_Assignment.framework */,
				080D31227C918695284DFFFB /* Pods_CoinHako_Assignment_CoinHako_AssignmentUITests.framework */,
				9E2174E5BF137002B4B9EA1B /* Pods_CoinHako_AssignmentTests.framework */,
			);
			name = Frameworks;
			sourceTree = "<group>";
		};
/* End PBXGroup section */

/* Begin PBXNativeTarget section */
		03C40074266C97520098D369 /* CoinHako_Assignment */ = {
			isa = PBXNativeTarget;
			buildConfigurationList = 03C4009F266C97560098D369 /* Build configuration list for PBXNativeTarget "CoinHako_Assignment" */;
			buildPhases = (
				60B75508A70B69842BE56A4A /* [CP] Check Pods Manifest.lock */,
				03C40071266C97520098D369 /* Sources */,
				03C40072266C97520098D369 /* Frameworks */,
				03C40073266C97520098D369 /* Resources */,
				FEF03DB98C0730AB4D6D58E0 /* [CP] Embed Pods Frameworks */,
			);
			buildRules = (
			);
			dependencies = (
			);
			name = CoinHako_Assignment;
			productName = CoinHako_Assignment;
			productReference = 03C40075266C97520098D369 /* CoinHako_Assignment.app */;
			productType = "com.apple.product-type.application";
		};
		03C4008A266C97560098D369 /* CoinHako_AssignmentTests */ = {
			isa = PBXNativeTarget;
			buildConfigurationList = 03C400A2266C97560098D369 /* Build configuration list for PBXNativeTarget "CoinHako_AssignmentTests" */;
			buildPhases = (
				8907DDADF047885604EB05BD /* [CP] Check Pods Manifest.lock */,
				03C40087266C97560098D369 /* Sources */,
				03C40088266C97560098D369 /* Frameworks */,
				03C40089266C97560098D369 /* Resources */,
				77476282855DAF28C9118A84 /* [CP] Embed Pods Frameworks */,
			);
			buildRules = (
			);
			dependencies = (
				03C4008D266C97560098D369 /* PBXTargetDependency */,
			);
			name = CoinHako_AssignmentTests;
			productName = CoinHako_AssignmentTests;
			productReference = 03C4008B266C97560098D369 /* CoinHako_AssignmentTests.xctest */;
			productType = "com.apple.product-type.bundle.unit-test";
		};
		03C40095266C97560098D369 /* CoinHako_AssignmentUITests */ = {
			isa = PBXNativeTarget;
			buildConfigurationList = 03C400A5266C97560098D369 /* Build configuration list for PBXNativeTarget "CoinHako_AssignmentUITests" */;
			buildPhases = (
				DC75BD099DD1514703F35129 /* [CP] Check Pods Manifest.lock */,
				03C40092266C97560098D369 /* Sources */,
				03C40093266C97560098D369 /* Frameworks */,
				03C40094266C97560098D369 /* Resources */,
				90F60DD11000BA5E315FFE89 /* [CP] Embed Pods Frameworks */,
			);
			buildRules = (
			);
			dependencies = (
				03C40098266C97560098D369 /* PBXTargetDependency */,
			);
			name = CoinHako_AssignmentUITests;
			productName = CoinHako_AssignmentUITests;
			productReference = 03C40096266C97560098D369 /* CoinHako_AssignmentUITests.xctest */;
			productType = "com.apple.product-type.bundle.ui-testing";
		};
/* End PBXNativeTarget section */

/* Begin PBXProject section */
		03C4006D266C97520098D369 /* Project object */ = {
			isa = PBXProject;
			attributes = {
				LastSwiftUpdateCheck = 1240;
				LastUpgradeCheck = 1240;
				TargetAttributes = {
					03C40074266C97520098D369 = {
						CreatedOnToolsVersion = 12.4;
					};
					03C4008A266C97560098D369 = {
						CreatedOnToolsVersion = 12.4;
						TestTargetID = 03C40074266C97520098D369;
					};
					03C40095266C97560098D369 = {
						CreatedOnToolsVersion = 12.4;
						TestTargetID = 03C40074266C97520098D369;
					};
				};
			};
			buildConfigurationList = 03C40070266C97520098D369 /* Build configuration list for PBXProject "CoinHako_Assignment" */;
			compatibilityVersion = "Xcode 9.3";
			developmentRegion = en;
			hasScannedForEncodings = 0;
			knownRegions = (
				en,
				Base,
			);
			mainGroup = 03C4006C266C97520098D369;
			productRefGroup = 03C40076266C97520098D369 /* Products */;
			projectDirPath = "";
			projectRoot = "";
			targets = (
				03C40074266C97520098D369 /* CoinHako_Assignment */,
				03C4008A266C97560098D369 /* CoinHako_AssignmentTests */,
				03C40095266C97560098D369 /* CoinHako_AssignmentUITests */,
			);
		};
/* End PBXProject section */

/* Begin PBXResourcesBuildPhase section */
		03C40073266C97520098D369 /* Resources */ = {
			isa = PBXResourcesBuildPhase;
			buildActionMask = 2147483647;
			files = (
				03C40085266C97550098D369 /* LaunchScreen.storyboard in Resources */,
				03C40082266C97550098D369 /* Preview Assets.xcassets in Resources */,
				03C4007F266C97550098D369 /* Assets.xcassets in Resources */,
			);
			runOnlyForDeploymentPostprocessing = 0;
		};
		03C40089266C97560098D369 /* Resources */ = {
			isa = PBXResourcesBuildPhase;
			buildActionMask = 2147483647;
			files = (
			);
			runOnlyForDeploymentPostprocessing = 0;
		};
		03C40094266C97560098D369 /* Resources */ = {
			isa = PBXResourcesBuildPhase;
			buildActionMask = 2147483647;
			files = (
			);
			runOnlyForDeploymentPostprocessing = 0;
		};
/* End PBXResourcesBuildPhase section */

/* Begin PBXShellScriptBuildPhase section */
		60B75508A70B69842BE56A4A /* [CP] Check Pods Manifest.lock */ = {
			isa = PBXShellScriptBuildPhase;
			buildActionMask = 2147483647;
			files = (
			);
			inputFileListPaths = (
			);
			inputPaths = (
				"${PODS_PODFILE_DIR_PATH}/Podfile.lock",
				"${PODS_ROOT}/Manifest.lock",
			);
			name = "[CP] Check Pods Manifest.lock";
			outputFileListPaths = (
			);
			outputPaths = (
				"$(DERIVED_FILE_DIR)/Pods-CoinHako_Assignment-checkManifestLockResult.txt",
			);
			runOnlyForDeploymentPostprocessing = 0;
			shellPath = /bin/sh;
			shellScript = "diff \"${PODS_PODFILE_DIR_PATH}/Podfile.lock\" \"${PODS_ROOT}/Manifest.lock\" > /dev/null\nif [ $? != 0 ] ; then\n    # print error to STDERR\n    echo \"error: The sandbox is not in sync with the Podfile.lock. Run 'pod install' or update your CocoaPods installation.\" >&2\n    exit 1\nfi\n# This output is used by Xcode 'outputs' to avoid re-running this script phase.\necho \"SUCCESS\" > \"${SCRIPT_OUTPUT_FILE_0}\"\n";
			showEnvVarsInLog = 0;
		};
		77476282855DAF28C9118A84 /* [CP] Embed Pods Frameworks */ = {
			isa = PBXShellScriptBuildPhase;
			buildActionMask = 2147483647;
			files = (
			);
			inputFileListPaths = (
				"${PODS_ROOT}/Target Support Files/Pods-CoinHako_AssignmentTests/Pods-CoinHako_AssignmentTests-frameworks-${CONFIGURATION}-input-files.xcfilelist",
			);
			name = "[CP] Embed Pods Frameworks";
			outputFileListPaths = (
				"${PODS_ROOT}/Target Support Files/Pods-CoinHako_AssignmentTests/Pods-CoinHako_AssignmentTests-frameworks-${CONFIGURATION}-output-files.xcfilelist",
			);
			runOnlyForDeploymentPostprocessing = 0;
			shellPath = /bin/sh;
			shellScript = "\"${PODS_ROOT}/Target Support Files/Pods-CoinHako_AssignmentTests/Pods-CoinHako_AssignmentTests-frameworks.sh\"\n";
			showEnvVarsInLog = 0;
		};
		8907DDADF047885604EB05BD /* [CP] Check Pods Manifest.lock */ = {
			isa = PBXShellScriptBuildPhase;
			buildActionMask = 2147483647;
			files = (
			);
			inputFileListPaths = (
			);
			inputPaths = (
				"${PODS_PODFILE_DIR_PATH}/Podfile.lock",
				"${PODS_ROOT}/Manifest.lock",
			);
			name = "[CP] Check Pods Manifest.lock";
			outputFileListPaths = (
			);
			outputPaths = (
				"$(DERIVED_FILE_DIR)/Pods-CoinHako_AssignmentTests-checkManifestLockResult.txt",
			);
			runOnlyForDeploymentPostprocessing = 0;
			shellPath = /bin/sh;
			shellScript = "diff \"${PODS_PODFILE_DIR_PATH}/Podfile.lock\" \"${PODS_ROOT}/Manifest.lock\" > /dev/null\nif [ $? != 0 ] ; then\n    # print error to STDERR\n    echo \"error: The sandbox is not in sync with the Podfile.lock. Run 'pod install' or update your CocoaPods installation.\" >&2\n    exit 1\nfi\n# This output is used by Xcode 'outputs' to avoid re-running this script phase.\necho \"SUCCESS\" > \"${SCRIPT_OUTPUT_FILE_0}\"\n";
			showEnvVarsInLog = 0;
		};
		90F60DD11000BA5E315FFE89 /* [CP] Embed Pods Frameworks */ = {
			isa = PBXShellScriptBuildPhase;
			buildActionMask = 2147483647;
			files = (
			);
			inputFileListPaths = (
				"${PODS_ROOT}/Target Support Files/Pods-CoinHako_Assignment-CoinHako_AssignmentUITests/Pods-CoinHako_Assignment-CoinHako_AssignmentUITests-frameworks-${CONFIGURATION}-input-files.xcfilelist",
			);
			name = "[CP] Embed Pods Frameworks";
			outputFileListPaths = (
				"${PODS_ROOT}/Target Support Files/Pods-CoinHako_Assignment-CoinHako_AssignmentUITests/Pods-CoinHako_Assignment-CoinHako_AssignmentUITests-frameworks-${CONFIGURATION}-output-files.xcfilelist",
			);
			runOnlyForDeploymentPostprocessing = 0;
			shellPath = /bin/sh;
			shellScript = "\"${PODS_ROOT}/Target Support Files/Pods-CoinHako_Assignment-CoinHako_AssignmentUITests/Pods-CoinHako_Assignment-CoinHako_AssignmentUITests-frameworks.sh\"\n";
			showEnvVarsInLog = 0;
		};
		DC75BD099DD1514703F35129 /* [CP] Check Pods Manifest.lock */ = {
			isa = PBXShellScriptBuildPhase;
			buildActionMask = 2147483647;
			files = (
			);
			inputFileListPaths = (
			);
			inputPaths = (
				"${PODS_PODFILE_DIR_PATH}/Podfile.lock",
				"${PODS_ROOT}/Manifest.lock",
			);
			name = "[CP] Check Pods Manifest.lock";
			outputFileListPaths = (
			);
			outputPaths = (
				"$(DERIVED_FILE_DIR)/Pods-CoinHako_Assignment-CoinHako_AssignmentUITests-checkManifestLockResult.txt",
			);
			runOnlyForDeploymentPostprocessing = 0;
			shellPath = /bin/sh;
			shellScript = "diff \"${PODS_PODFILE_DIR_PATH}/Podfile.lock\" \"${PODS_ROOT}/Manifest.lock\" > /dev/null\nif [ $? != 0 ] ; then\n    # print error to STDERR\n    echo \"error: The sandbox is not in sync with the Podfile.lock. Run 'pod install' or update your CocoaPods installation.\" >&2\n    exit 1\nfi\n# This output is used by Xcode 'outputs' to avoid re-running this script phase.\necho \"SUCCESS\" > \"${SCRIPT_OUTPUT_FILE_0}\"\n";
			showEnvVarsInLog = 0;
		};
		FEF03DB98C0730AB4D6D58E0 /* [CP] Embed Pods Frameworks */ = {
			isa = PBXShellScriptBuildPhase;
			buildActionMask = 2147483647;
			files = (
			);
			inputFileListPaths = (
				"${PODS_ROOT}/Target Support Files/Pods-CoinHako_Assignment/Pods-CoinHako_Assignment-frameworks-${CONFIGURATION}-input-files.xcfilelist",
			);
			name = "[CP] Embed Pods Frameworks";
			outputFileListPaths = (
				"${PODS_ROOT}/Target Support Files/Pods-CoinHako_Assignment/Pods-CoinHako_Assignment-frameworks-${CONFIGURATION}-output-files.xcfilelist",
			);
			runOnlyForDeploymentPostprocessing = 0;
			shellPath = /bin/sh;
			shellScript = "\"${PODS_ROOT}/Target Support Files/Pods-CoinHako_Assignment/Pods-CoinHako_Assignment-frameworks.sh\"\n";
			showEnvVarsInLog = 0;
		};
/* End PBXShellScriptBuildPhase section */

/* Begin PBXSourcesBuildPhase section */
		03C40071266C97520098D369 /* Sources */ = {
			isa = PBXSourcesBuildPhase;
			buildActionMask = 2147483647;
			files = (
				03C40079266C97520098D369 /* AppDelegate.swift in Sources */,
				03C1D25F266E3C4C00459AE6 /* WatchListInteractor.swift in Sources */,
				03C1D293266F2A0E00459AE6 /* Crypto.swift in Sources */,
				03C4007B266C97520098D369 /* SceneDelegate.swift in Sources */,
				03C1D249266E315E00459AE6 /* APIClient.swift in Sources */,
				03C1D271266F12CC00459AE6 /* WatchListCell.swift in Sources */,
				03C1D2A826708D2500459AE6 /* EndEditing.swift in Sources */,
				03C1D25A266E3C3C00459AE6 /* WatchListPresenter.swift in Sources */,
				03C1D252266E3BF500459AE6 /* WatchListView.swift in Sources */,
				03C4007D266C97520098D369 /* ContentView.swift in Sources */,
				03C1D268266E7DA200459AE6 /* WatchListModel.swift in Sources */,
			);
			runOnlyForDeploymentPostprocessing = 0;
		};
		03C40087266C97560098D369 /* Sources */ = {
			isa = PBXSourcesBuildPhase;
			buildActionMask = 2147483647;
			files = (
				03C40090266C97560098D369 /* CoinHako_AssignmentTests.swift in Sources */,
			);
			runOnlyForDeploymentPostprocessing = 0;
		};
		03C40092266C97560098D369 /* Sources */ = {
			isa = PBXSourcesBuildPhase;
			buildActionMask = 2147483647;
			files = (
				03C4009B266C97560098D369 /* CoinHako_AssignmentUITests.swift in Sources */,
			);
			runOnlyForDeploymentPostprocessing = 0;
		};
/* End PBXSourcesBuildPhase section */

/* Begin PBXTargetDependency section */
		03C4008D266C97560098D369 /* PBXTargetDependency */ = {
			isa = PBXTargetDependency;
			target = 03C40074266C97520098D369 /* CoinHako_Assignment */;
			targetProxy = 03C4008C266C97560098D369 /* PBXContainerItemProxy */;
		};
		03C40098266C97560098D369 /* PBXTargetDependency */ = {
			isa = PBXTargetDependency;
			target = 03C40074266C97520098D369 /* CoinHako_Assignment */;
			targetProxy = 03C40097266C97560098D369 /* PBXContainerItemProxy */;
		};
/* End PBXTargetDependency section */

/* Begin PBXVariantGroup section */
		03C40083266C97550098D369 /* LaunchScreen.storyboard */ = {
			isa = PBXVariantGroup;
			children = (
				03C40084266C97550098D369 /* Base */,
			);
			name = LaunchScreen.storyboard;
			sourceTree = "<group>";
		};
/* End PBXVariantGroup section */

/* Begin XCBuildConfiguration section */
		03C4009D266C97560098D369 /* Debug */ = {
			isa = XCBuildConfiguration;
			buildSettings = {
				ALWAYS_SEARCH_USER_PATHS = NO;
				CLANG_ANALYZER_NONNULL = YES;
				CLANG_ANALYZER_NUMBER_OBJECT_CONVERSION = YES_AGGRESSIVE;
				CLANG_CXX_LANGUAGE_STANDARD = "gnu++14";
				CLANG_CXX_LIBRARY = "libc++";
				CLANG_ENABLE_MODULES = YES;
				CLANG_ENABLE_OBJC_ARC = YES;
				CLANG_ENABLE_OBJC_WEAK = YES;
				CLANG_WARN_BLOCK_CAPTURE_AUTORELEASING = YES;
				CLANG_WARN_BOOL_CONVERSION = YES;
				CLANG_WARN_COMMA = YES;
				CLANG_WARN_CONSTANT_CONVERSION = YES;
				CLANG_WARN_DEPRECATED_OBJC_IMPLEMENTATIONS = YES;
				CLANG_WARN_DIRECT_OBJC_ISA_USAGE = YES_ERROR;
				CLANG_WARN_DOCUMENTATION_COMMENTS = YES;
				CLANG_WARN_EMPTY_BODY = YES;
				CLANG_WARN_ENUM_CONVERSION = YES;
				CLANG_WARN_INFINITE_RECURSION = YES;
				CLANG_WARN_INT_CONVERSION = YES;
				CLANG_WARN_NON_LITERAL_NULL_CONVERSION = YES;
				CLANG_WARN_OBJC_IMPLICIT_RETAIN_SELF = YES;
				CLANG_WARN_OBJC_LITERAL_CONVERSION = YES;
				CLANG_WARN_OBJC_ROOT_CLASS = YES_ERROR;
				CLANG_WARN_QUOTED_INCLUDE_IN_FRAMEWORK_HEADER = YES;
				CLANG_WARN_RANGE_LOOP_ANALYSIS = YES;
				CLANG_WARN_STRICT_PROTOTYPES = YES;
				CLANG_WARN_SUSPICIOUS_MOVE = YES;
				CLANG_WARN_UNGUARDED_AVAILABILITY = YES_AGGRESSIVE;
				CLANG_WARN_UNREACHABLE_CODE = YES;
				CLANG_WARN__DUPLICATE_METHOD_MATCH = YES;
				COPY_PHASE_STRIP = NO;
				DEBUG_INFORMATION_FORMAT = dwarf;
				ENABLE_STRICT_OBJC_MSGSEND = YES;
				ENABLE_TESTABILITY = YES;
				GCC_C_LANGUAGE_STANDARD = gnu11;
				GCC_DYNAMIC_NO_PIC = NO;
				GCC_NO_COMMON_BLOCKS = YES;
				GCC_OPTIMIZATION_LEVEL = 0;
				GCC_PREPROCESSOR_DEFINITIONS = (
					"DEBUG=1",
					"$(inherited)",
				);
				GCC_WARN_64_TO_32_BIT_CONVERSION = YES;
				GCC_WARN_ABOUT_RETURN_TYPE = YES_ERROR;
				GCC_WARN_UNDECLARED_SELECTOR = YES;
				GCC_WARN_UNINITIALIZED_AUTOS = YES_AGGRESSIVE;
				GCC_WARN_UNUSED_FUNCTION = YES;
				GCC_WARN_UNUSED_VARIABLE = YES;
				IPHONEOS_DEPLOYMENT_TARGET = 14.4;
				MTL_ENABLE_DEBUG_INFO = INCLUDE_SOURCE;
				MTL_FAST_MATH = YES;
				ONLY_ACTIVE_ARCH = YES;
				SDKROOT = iphoneos;
				SWIFT_ACTIVE_COMPILATION_CONDITIONS = DEBUG;
				SWIFT_OPTIMIZATION_LEVEL = "-Onone";
			};
			name = Debug;
		};
		03C4009E266C97560098D369 /* Release */ = {
			isa = XCBuildConfiguration;
			buildSettings = {
				ALWAYS_SEARCH_USER_PATHS = NO;
				CLANG_ANALYZER_NONNULL = YES;
				CLANG_ANALYZER_NUMBER_OBJECT_CONVERSION = YES_AGGRESSIVE;
				CLANG_CXX_LANGUAGE_STANDARD = "gnu++14";
				CLANG_CXX_LIBRARY = "libc++";
				CLANG_ENABLE_MODULES = YES;
				CLANG_ENABLE_OBJC_ARC = YES;
				CLANG_ENABLE_OBJC_WEAK = YES;
				CLANG_WARN_BLOCK_CAPTURE_AUTORELEASING = YES;
				CLANG_WARN_BOOL_CONVERSION = YES;
				CLANG_WARN_COMMA = YES;
				CLANG_WARN_CONSTANT_CONVERSION = YES;
				CLANG_WARN_DEPRECATED_OBJC_IMPLEMENTATIONS = YES;
				CLANG_WARN_DIRECT_OBJC_ISA_USAGE = YES_ERROR;
				CLANG_WARN_DOCUMENTATION_COMMENTS = YES;
				CLANG_WARN_EMPTY_BODY = YES;
				CLANG_WARN_ENUM_CONVERSION = YES;
				CLANG_WARN_INFINITE_RECURSION = YES;
				CLANG_WARN_INT_CONVERSION = YES;
				CLANG_WARN_NON_LITERAL_NULL_CONVERSION = YES;
				CLANG_WARN_OBJC_IMPLICIT_RETAIN_SELF = YES;
				CLANG_WARN_OBJC_LITERAL_CONVERSION = YES;
				CLANG_WARN_OBJC_ROOT_CLASS = YES_ERROR;
				CLANG_WARN_QUOTED_INCLUDE_IN_FRAMEWORK_HEADER = YES;
				CLANG_WARN_RANGE_LOOP_ANALYSIS = YES;
				CLANG_WARN_STRICT_PROTOTYPES = YES;
				CLANG_WARN_SUSPICIOUS_MOVE = YES;
				CLANG_WARN_UNGUARDED_AVAILABILITY = YES_AGGRESSIVE;
				CLANG_WARN_UNREACHABLE_CODE = YES;
				CLANG_WARN__DUPLICATE_METHOD_MATCH = YES;
				COPY_PHASE_STRIP = NO;
				DEBUG_INFORMATION_FORMAT = "dwarf-with-dsym";
				ENABLE_NS_ASSERTIONS = NO;
				ENABLE_STRICT_OBJC_MSGSEND = YES;
				GCC_C_LANGUAGE_STANDARD = gnu11;
				GCC_NO_COMMON_BLOCKS = YES;
				GCC_WARN_64_TO_32_BIT_CONVERSION = YES;
				GCC_WARN_ABOUT_RETURN_TYPE = YES_ERROR;
				GCC_WARN_UNDECLARED_SELECTOR = YES;
				GCC_WARN_UNINITIALIZED_AUTOS = YES_AGGRESSIVE;
				GCC_WARN_UNUSED_FUNCTION = YES;
				GCC_WARN_UNUSED_VARIABLE = YES;
				IPHONEOS_DEPLOYMENT_TARGET = 14.4;
				MTL_ENABLE_DEBUG_INFO = NO;
				MTL_FAST_MATH = YES;
				SDKROOT = iphoneos;
				SWIFT_COMPILATION_MODE = wholemodule;
				SWIFT_OPTIMIZATION_LEVEL = "-O";
				VALIDATE_PRODUCT = YES;
			};
			name = Release;
		};
		03C400A0266C97560098D369 /* Debug */ = {
			isa = XCBuildConfiguration;
			baseConfigurationReference = E607486666A3204A99489499 /* Pods-CoinHako_Assignment.debug.xcconfig */;
			buildSettings = {
				ASSETCATALOG_COMPILER_APPICON_NAME = AppIcon;
				ASSETCATALOG_COMPILER_GLOBAL_ACCENT_COLOR_NAME = AccentColor;
				CODE_SIGN_STYLE = Automatic;
				DEVELOPMENT_ASSET_PATHS = "\"CoinHako_Assignment/Preview Content\"";
				ENABLE_PREVIEWS = YES;
				INFOPLIST_FILE = CoinHako_Assignment/Info.plist;
				IPHONEOS_DEPLOYMENT_TARGET = 14.1;
				LD_RUNPATH_SEARCH_PATHS = (
					"$(inherited)",
					"@executable_path/Frameworks",
				);
				PRODUCT_BUNDLE_IDENTIFIER = "dat.hoang.CoinHako-Assignment";
				PRODUCT_NAME = "$(TARGET_NAME)";
				SWIFT_VERSION = 5.0;
				TARGETED_DEVICE_FAMILY = "1,2";
			};
			name = Debug;
		};
		03C400A1266C97560098D369 /* Release */ = {
			isa = XCBuildConfiguration;
			baseConfigurationReference = B36854AE0E3C1BBE4D8C0FE6 /* Pods-CoinHako_Assignment.release.xcconfig */;
			buildSettings = {
				ASSETCATALOG_COMPILER_APPICON_NAME = AppIcon;
				ASSETCATALOG_COMPILER_GLOBAL_ACCENT_COLOR_NAME = AccentColor;
				CODE_SIGN_STYLE = Automatic;
				DEVELOPMENT_ASSET_PATHS = "\"CoinHako_Assignment/Preview Content\"";
				ENABLE_PREVIEWS = YES;
				INFOPLIST_FILE = CoinHako_Assignment/Info.plist;
				IPHONEOS_DEPLOYMENT_TARGET = 14.1;
				LD_RUNPATH_SEARCH_PATHS = (
					"$(inherited)",
					"@executable_path/Frameworks",
				);
				PRODUCT_BUNDLE_IDENTIFIER = "dat.hoang.CoinHako-Assignment";
				PRODUCT_NAME = "$(TARGET_NAME)";
				SWIFT_VERSION = 5.0;
				TARGETED_DEVICE_FAMILY = "1,2";
			};
			name = Release;
		};
		03C400A3266C97560098D369 /* Debug */ = {
			isa = XCBuildConfiguration;
			baseConfigurationReference = FBCAC6D922C9AABF9D0F01EE /* Pods-CoinHako_AssignmentTests.debug.xcconfig */;
			buildSettings = {
				ALWAYS_EMBED_SWIFT_STANDARD_LIBRARIES = YES;
				BUNDLE_LOADER = "$(TEST_HOST)";
				CODE_SIGN_STYLE = Automatic;
				INFOPLIST_FILE = CoinHako_AssignmentTests/Info.plist;
				IPHONEOS_DEPLOYMENT_TARGET = 14.4;
				LD_RUNPATH_SEARCH_PATHS = (
					"$(inherited)",
					"@executable_path/Frameworks",
					"@loader_path/Frameworks",
				);
				PRODUCT_BUNDLE_IDENTIFIER = "dat.hoang.CoinHako-AssignmentTests";
				PRODUCT_NAME = "$(TARGET_NAME)";
				SWIFT_VERSION = 5.0;
				TARGETED_DEVICE_FAMILY = "1,2";
				TEST_HOST = "$(BUILT_PRODUCTS_DIR)/CoinHako_Assignment.app/CoinHako_Assignment";
			};
			name = Debug;
		};
		03C400A4266C97560098D369 /* Release */ = {
			isa = XCBuildConfiguration;
			baseConfigurationReference = BCE3D2E4DE08ECD4B0757459 /* Pods-CoinHako_AssignmentTests.release.xcconfig */;
			buildSettings = {
				ALWAYS_EMBED_SWIFT_STANDARD_LIBRARIES = YES;
				BUNDLE_LOADER = "$(TEST_HOST)";
				CODE_SIGN_STYLE = Automatic;
				INFOPLIST_FILE = CoinHako_AssignmentTests/Info.plist;
				IPHONEOS_DEPLOYMENT_TARGET = 14.4;
				LD_RUNPATH_SEARCH_PATHS = (
					"$(inherited)",
					"@executable_path/Frameworks",
					"@loader_path/Frameworks",
				);
				PRODUCT_BUNDLE_IDENTIFIER = "dat.hoang.CoinHako-AssignmentTests";
				PRODUCT_NAME = "$(TARGET_NAME)";
				SWIFT_VERSION = 5.0;
				TARGETED_DEVICE_FAMILY = "1,2";
				TEST_HOST = "$(BUILT_PRODUCTS_DIR)/CoinHako_Assignment.app/CoinHako_Assignment";
			};
			name = Release;
		};
		03C400A6266C97560098D369 /* Debug */ = {
			isa = XCBuildConfiguration;
			baseConfigurationReference = 61AEA039671BD56A4B278B65 /* Pods-CoinHako_Assignment-CoinHako_AssignmentUITests.debug.xcconfig */;
			buildSettings = {
				ALWAYS_EMBED_SWIFT_STANDARD_LIBRARIES = YES;
				CODE_SIGN_STYLE = Automatic;
				INFOPLIST_FILE = CoinHako_AssignmentUITests/Info.plist;
				LD_RUNPATH_SEARCH_PATHS = (
					"$(inherited)",
					"@executable_path/Frameworks",
					"@loader_path/Frameworks",
				);
				PRODUCT_BUNDLE_IDENTIFIER = "dat.hoang.CoinHako-AssignmentUITests";
				PRODUCT_NAME = "$(TARGET_NAME)";
				SWIFT_VERSION = 5.0;
				TARGETED_DEVICE_FAMILY = "1,2";
				TEST_TARGET_NAME = CoinHako_Assignment;
			};
			name = Debug;
		};
		03C400A7266C97560098D369 /* Release */ = {
			isa = XCBuildConfiguration;
			baseConfigurationReference = F05299D7D95BC92BDB2FB51C /* Pods-CoinHako_Assignment-CoinHako_AssignmentUITests.release.xcconfig */;
			buildSettings = {
				ALWAYS_EMBED_SWIFT_STANDARD_LIBRARIES = YES;
				CODE_SIGN_STYLE = Automatic;
				INFOPLIST_FILE = CoinHako_AssignmentUITests/Info.plist;
				LD_RUNPATH_SEARCH_PATHS = (
					"$(inherited)",
					"@executable_path/Frameworks",
					"@loader_path/Frameworks",
				);
				PRODUCT_BUNDLE_IDENTIFIER = "dat.hoang.CoinHako-AssignmentUITests";
				PRODUCT_NAME = "$(TARGET_NAME)";
				SWIFT_VERSION = 5.0;
				TARGETED_DEVICE_FAMILY = "1,2";
				TEST_TARGET_NAME = CoinHako_Assignment;
			};
			name = Release;
		};
/* End XCBuildConfiguration section */

/* Begin XCConfigurationList section */
		03C40070266C97520098D369 /* Build configuration list for PBXProject "CoinHako_Assignment" */ = {
			isa = XCConfigurationList;
			buildConfigurations = (
				03C4009D266C97560098D369 /* Debug */,
				03C4009E266C97560098D369 /* Release */,
			);
			defaultConfigurationIsVisible = 0;
			defaultConfigurationName = Release;
		};
		03C4009F266C97560098D369 /* Build configuration list for PBXNativeTarget "CoinHako_Assignment" */ = {
			isa = XCConfigurationList;
			buildConfigurations = (
				03C400A0266C97560098D369 /* Debug */,
				03C400A1266C97560098D369 /* Release */,
			);
			defaultConfigurationIsVisible = 0;
			defaultConfigurationName = Release;
		};
		03C400A2266C97560098D369 /* Build configuration list for PBXNativeTarget "CoinHako_AssignmentTests" */ = {
			isa = XCConfigurationList;
			buildConfigurations = (
				03C400A3266C97560098D369 /* Debug */,
				03C400A4266C97560098D369 /* Release */,
			);
			defaultConfigurationIsVisible = 0;
			defaultConfigurationName = Release;
		};
		03C400A5266C97560098D369 /* Build configuration list for PBXNativeTarget "CoinHako_AssignmentUITests" */ = {
			isa = XCConfigurationList;
			buildConfigurations = (
				03C400A6266C97560098D369 /* Debug */,
				03C400A7266C97560098D369 /* Release */,
			);
			defaultConfigurationIsVisible = 0;
			defaultConfigurationName = Release;
		};
/* End XCConfigurationList section */
	};
	rootObject = 03C4006D266C97520098D369 /* Project object */;
}
